// !$*UTF8*$!
{
	archiveVersion = 1;
	classes = {
	};
	objectVersion = 50;
	objects = {

/* Begin PBXBuildFile section */
		2C0A716922FFBE4700DA6A76 /* AppDelegate.swift in Sources */ = {isa = PBXBuildFile; fileRef = 2C0A716822FFBE4700DA6A76 /* AppDelegate.swift */; };
		2C0A716B22FFBE4700DA6A76 /* ViewController.swift in Sources */ = {isa = PBXBuildFile; fileRef = 2C0A716A22FFBE4700DA6A76 /* ViewController.swift */; };
		2C0A716E22FFBE4700DA6A76 /* Main.storyboard in Resources */ = {isa = PBXBuildFile; fileRef = 2C0A716C22FFBE4700DA6A76 /* Main.storyboard */; };
		2C0A717022FFBE4800DA6A76 /* Assets.xcassets in Resources */ = {isa = PBXBuildFile; fileRef = 2C0A716F22FFBE4800DA6A76 /* Assets.xcassets */; };
		2C0A717322FFBE4800DA6A76 /* LaunchScreen.storyboard in Resources */ = {isa = PBXBuildFile; fileRef = 2C0A717122FFBE4800DA6A76 /* LaunchScreen.storyboard */; };
		2C0A717E22FFBE4800DA6A76 /* HotDogMLTests.swift in Sources */ = {isa = PBXBuildFile; fileRef = 2C0A717D22FFBE4800DA6A76 /* HotDogMLTests.swift */; };
		2C0A718922FFBE4800DA6A76 /* HotDogMLUITests.swift in Sources */ = {isa = PBXBuildFile; fileRef = 2C0A718822FFBE4800DA6A76 /* HotDogMLUITests.swift */; };
		2C0A719F22FFCFE600DA6A76 /* Inceptionv3.mlmodel in Sources */ = {isa = PBXBuildFile; fileRef = 2C0A719E22FFCFE600DA6A76 /* Inceptionv3.mlmodel */; };
		2C0A71A022FFCFE600DA6A76 /* Inceptionv3.mlmodel in Sources */ = {isa = PBXBuildFile; fileRef = 2C0A719E22FFCFE600DA6A76 /* Inceptionv3.mlmodel */; };
		2C0A71A122FFCFE600DA6A76 /* Inceptionv3.mlmodel in Sources */ = {isa = PBXBuildFile; fileRef = 2C0A719E22FFCFE600DA6A76 /* Inceptionv3.mlmodel */; };
/* End PBXBuildFile section */

/* Begin PBXContainerItemProxy section */
		2C0A717A22FFBE4800DA6A76 /* PBXContainerItemProxy */ = {
			isa = PBXContainerItemProxy;
			containerPortal = 2C0A715D22FFBE4700DA6A76 /* Project object */;
			proxyType = 1;
			remoteGlobalIDString = 2C0A716422FFBE4700DA6A76;
			remoteInfo = HotDogML;
		};
		2C0A718522FFBE4800DA6A76 /* PBXContainerItemProxy */ = {
			isa = PBXContainerItemProxy;
			containerPortal = 2C0A715D22FFBE4700DA6A76 /* Project object */;
			proxyType = 1;
			remoteGlobalIDString = 2C0A716422FFBE4700DA6A76;
			remoteInfo = HotDogML;
		};
/* End PBXContainerItemProxy section */

/* Begin PBXFileReference section */
		2C0A716522FFBE4700DA6A76 /* HotDogML.app */ = {isa = PBXFileReference; explicitFileType = wrapper.application; includeInIndex = 0; path = HotDogML.app; sourceTree = BUILT_PRODUCTS_DIR; };
		2C0A716822FFBE4700DA6A76 /* AppDelegate.swift */ = {isa = PBXFileReference; lastKnownFileType = sourcecode.swift; path = AppDelegate.swift; sourceTree = "<group>"; };
		2C0A716A22FFBE4700DA6A76 /* ViewController.swift */ = {isa = PBXFileReference; lastKnownFileType = sourcecode.swift; path = ViewController.swift; sourceTree = "<group>"; };
		2C0A716D22FFBE4700DA6A76 /* Base */ = {isa = PBXFileReference; lastKnownFileType = file.storyboard; name = Base; path = Base.lproj/Main.storyboard; sourceTree = "<group>"; };
		2C0A716F22FFBE4800DA6A76 /* Assets.xcassets */ = {isa = PBXFileReference; lastKnownFileType = folder.assetcatalog; path = Assets.xcassets; sourceTree = "<group>"; };
		2C0A717222FFBE4800DA6A76 /* Base */ = {isa = PBXFileReference; lastKnownFileType = file.storyboard; name = Base; path = Base.lproj/LaunchScreen.storyboard; sourceTree = "<group>"; };
		2C0A717422FFBE4800DA6A76 /* Info.plist */ = {isa = PBXFileReference; lastKnownFileType = text.plist.xml; path = Info.plist; sourceTree = "<group>"; };
		2C0A717922FFBE4800DA6A76 /* HotDogMLTests.xctest */ = {isa = PBXFileReference; explicitFileType = wrapper.cfbundle; includeInIndex = 0; path = HotDogMLTests.xctest; sourceTree = BUILT_PRODUCTS_DIR; };
		2C0A717D22FFBE4800DA6A76 /* HotDogMLTests.swift */ = {isa = PBXFileReference; lastKnownFileType = sourcecode.swift; path = HotDogMLTests.swift; sourceTree = "<group>"; };
		2C0A717F22FFBE4800DA6A76 /* Info.plist */ = {isa = PBXFileReference; lastKnownFileType = text.plist.xml; path = Info.plist; sourceTree = "<group>"; };
		2C0A718422FFBE4800DA6A76 /* HotDogMLUITests.xctest */ = {isa = PBXFileReference; explicitFileType = wrapper.cfbundle; includeInIndex = 0; path = HotDogMLUITests.xctest; sourceTree = BUILT_PRODUCTS_DIR; };
		2C0A718822FFBE4800DA6A76 /* HotDogMLUITests.swift */ = {isa = PBXFileReference; lastKnownFileType = sourcecode.swift; path = HotDogMLUITests.swift; sourceTree = "<group>"; };
		2C0A718A22FFBE4800DA6A76 /* Info.plist */ = {isa = PBXFileReference; lastKnownFileType = text.plist.xml; path = Info.plist; sourceTree = "<group>"; };
		2C0A719E22FFCFE600DA6A76 /* Inceptionv3.mlmodel */ = {isa = PBXFileReference; lastKnownFileType = file.mlmodel; path = Inceptionv3.mlmodel; sourceTree = "<group>"; };
/* End PBXFileReference section */

/* Begin PBXFrameworksBuildPhase section */
		2C0A716222FFBE4700DA6A76 /* Frameworks */ = {
			isa = PBXFrameworksBuildPhase;
			buildActionMask = 2147483647;
			files = (
			);
			runOnlyForDeploymentPostprocessing = 0;
		};
		2C0A717622FFBE4800DA6A76 /* Frameworks */ = {
			isa = PBXFrameworksBuildPhase;
			buildActionMask = 2147483647;
			files = (
			);
			runOnlyForDeploymentPostprocessing = 0;
		};
		2C0A718122FFBE4800DA6A76 /* Frameworks */ = {
			isa = PBXFrameworksBuildPhase;
			buildActionMask = 2147483647;
			files = (
			);
			runOnlyForDeploymentPostprocessing = 0;
		};
/* End PBXFrameworksBuildPhase section */

/* Begin PBXGroup section */
		2C0A715C22FFBE4700DA6A76 = {
			isa = PBXGroup;
			children = (
				2C0A716722FFBE4700DA6A76 /* HotDogML */,
				2C0A717C22FFBE4800DA6A76 /* HotDogMLTests */,
				2C0A718722FFBE4800DA6A76 /* HotDogMLUITests */,
				2C0A716622FFBE4700DA6A76 /* Products */,
			);
			sourceTree = "<group>";
		};
		2C0A716622FFBE4700DA6A76 /* Products */ = {
			isa = PBXGroup;
			children = (
				2C0A716522FFBE4700DA6A76 /* HotDogML.app */,
				2C0A717922FFBE4800DA6A76 /* HotDogMLTests.xctest */,
				2C0A718422FFBE4800DA6A76 /* HotDogMLUITests.xctest */,
			);
			name = Products;
			sourceTree = "<group>";
		};
		2C0A716722FFBE4700DA6A76 /* HotDogML */ = {
			isa = PBXGroup;
			children = (
				2C0A716822FFBE4700DA6A76 /* AppDelegate.swift */,
				2C0A716A22FFBE4700DA6A76 /* ViewController.swift */,
				2C0A716C22FFBE4700DA6A76 /* Main.storyboard */,
				2C0A716F22FFBE4800DA6A76 /* Assets.xcassets */,
				2C0A719E22FFCFE600DA6A76 /* Inceptionv3.mlmodel */,
				2C0A717122FFBE4800DA6A76 /* LaunchScreen.storyboard */,
				2C0A717422FFBE4800DA6A76 /* Info.plist */,
			);
			path = HotDogML;
			sourceTree = "<group>";
		};
		2C0A717C22FFBE4800DA6A76 /* HotDogMLTests */ = {
			isa = PBXGroup;
			children = (
				2C0A717D22FFBE4800DA6A76 /* HotDogMLTests.swift */,
				2C0A717F22FFBE4800DA6A76 /* Info.plist */,
			);
			path = HotDogMLTests;
			sourceTree = "<group>";
		};
		2C0A718722FFBE4800DA6A76 /* HotDogMLUITests */ = {
			isa = PBXGroup;
			children = (
				2C0A718822FFBE4800DA6A76 /* HotDogMLUITests.swift */,
				2C0A718A22FFBE4800DA6A76 /* Info.plist */,
			);
			path = HotDogMLUITests;
			sourceTree = "<group>";
		};
/* End PBXGroup section */

/* Begin PBXNativeTarget section */
		2C0A716422FFBE4700DA6A76 /* HotDogML */ = {
			isa = PBXNativeTarget;
			buildConfigurationList = 2C0A718D22FFBE4800DA6A76 /* Build configuration list for PBXNativeTarget "HotDogML" */;
			buildPhases = (
				2C0A716122FFBE4700DA6A76 /* Sources */,
				2C0A716222FFBE4700DA6A76 /* Frameworks */,
				2C0A716322FFBE4700DA6A76 /* Resources */,
			);
			buildRules = (
			);
			dependencies = (
			);
			name = HotDogML;
			productName = HotDogML;
			productReference = 2C0A716522FFBE4700DA6A76 /* HotDogML.app */;
			productType = "com.apple.product-type.application";
		};
		2C0A717822FFBE4800DA6A76 /* HotDogMLTests */ = {
			isa = PBXNativeTarget;
			buildConfigurationList = 2C0A719022FFBE4800DA6A76 /* Build configuration list for PBXNativeTarget "HotDogMLTests" */;
			buildPhases = (
				2C0A717522FFBE4800DA6A76 /* Sources */,
				2C0A717622FFBE4800DA6A76 /* Frameworks */,
				2C0A717722FFBE4800DA6A76 /* Resources */,
			);
			buildRules = (
			);
			dependencies = (
				2C0A717B22FFBE4800DA6A76 /* PBXTargetDependency */,
			);
			name = HotDogMLTests;
			productName = HotDogMLTests;
			productReference = 2C0A717922FFBE4800DA6A76 /* HotDogMLTests.xctest */;
			productType = "com.apple.product-type.bundle.unit-test";
		};
		2C0A718322FFBE4800DA6A76 /* HotDogMLUITests */ = {
			isa = PBXNativeTarget;
			buildConfigurationList = 2C0A719322FFBE4800DA6A76 /* Build configuration list for PBXNativeTarget "HotDogMLUITests" */;
			buildPhases = (
				2C0A718022FFBE4800DA6A76 /* Sources */,
				2C0A718122FFBE4800DA6A76 /* Frameworks */,
				2C0A718222FFBE4800DA6A76 /* Resources */,
			);
			buildRules = (
			);
			dependencies = (
				2C0A718622FFBE4800DA6A76 /* PBXTargetDependency */,
			);
			name = HotDogMLUITests;
			productName = HotDogMLUITests;
			productReference = 2C0A718422FFBE4800DA6A76 /* HotDogMLUITests.xctest */;
			productType = "com.apple.product-type.bundle.ui-testing";
		};
/* End PBXNativeTarget section */

/* Begin PBXProject section */
		2C0A715D22FFBE4700DA6A76 /* Project object */ = {
			isa = PBXProject;
			attributes = {
				LastSwiftUpdateCheck = 1030;
				LastUpgradeCheck = 1030;
				ORGANIZATIONNAME = "Nicholas Deloglos";
				TargetAttributes = {
					2C0A716422FFBE4700DA6A76 = {
						CreatedOnToolsVersion = 10.3;
					};
					2C0A717822FFBE4800DA6A76 = {
						CreatedOnToolsVersion = 10.3;
						TestTargetID = 2C0A716422FFBE4700DA6A76;
					};
					2C0A718322FFBE4800DA6A76 = {
						CreatedOnToolsVersion = 10.3;
						TestTargetID = 2C0A716422FFBE4700DA6A76;
					};
				};
			};
			buildConfigurationList = 2C0A716022FFBE4700DA6A76 /* Build configuration list for PBXProject "HotDogML" */;
			compatibilityVersion = "Xcode 9.3";
			developmentRegion = en;
			hasScannedForEncodings = 0;
			knownRegions = (
				en,
				Base,
			);
			mainGroup = 2C0A715C22FFBE4700DA6A76;
			productRefGroup = 2C0A716622FFBE4700DA6A76 /* Products */;
			projectDirPath = "";
			projectRoot = "";
			targets = (
				2C0A716422FFBE4700DA6A76 /* HotDogML */,
				2C0A717822FFBE4800DA6A76 /* HotDogMLTests */,
				2C0A718322FFBE4800DA6A76 /* HotDogMLUITests */,
			);
		};
/* End PBXProject section */

/* Begin PBXResourcesBuildPhase section */
		2C0A716322FFBE4700DA6A76 /* Resources */ = {
			isa = PBXResourcesBuildPhase;
			buildActionMask = 2147483647;
			files = (
				2C0A717322FFBE4800DA6A76 /* LaunchScreen.storyboard in Resources */,
				2C0A717022FFBE4800DA6A76 /* Assets.xcassets in Resources */,
				2C0A716E22FFBE4700DA6A76 /* Main.storyboard in Resources */,
			);
			runOnlyForDeploymentPostprocessing = 0;
		};
		2C0A717722FFBE4800DA6A76 /* Resources */ = {
			isa = PBXResourcesBuildPhase;
			buildActionMask = 2147483647;
			files = (
			);
			runOnlyForDeploymentPostprocessing = 0;
		};
		2C0A718222FFBE4800DA6A76 /* Resources */ = {
			isa = PBXResourcesBuildPhase;
			buildActionMask = 2147483647;
			files = (
			);
			runOnlyForDeploymentPostprocessing = 0;
		};
/* End PBXResourcesBuildPhase section */

/* Begin PBXSourcesBuildPhase section */
		2C0A716122FFBE4700DA6A76 /* Sources */ = {
			isa = PBXSourcesBuildPhase;
			buildActionMask = 2147483647;
			files = (
				2C0A716B22FFBE4700DA6A76 /* ViewController.swift in Sources */,
				2C0A719F22FFCFE600DA6A76 /* Inceptionv3.mlmodel in Sources */,
				2C0A716922FFBE4700DA6A76 /* AppDelegate.swift in Sources */,
			);
			runOnlyForDeploymentPostprocessing = 0;
		};
		2C0A717522FFBE4800DA6A76 /* Sources */ = {
			isa = PBXSourcesBuildPhase;
			buildActionMask = 2147483647;
			files = (
				2C0A717E22FFBE4800DA6A76 /* HotDogMLTests.swift in Sources */,
				2C0A71A022FFCFE600DA6A76 /* Inceptionv3.mlmodel in Sources */,
			);
			runOnlyForDeploymentPostprocessing = 0;
		};
		2C0A718022FFBE4800DA6A76 /* Sources */ = {
			isa = PBXSourcesBuildPhase;
			buildActionMask = 2147483647;
			files = (
				2C0A718922FFBE4800DA6A76 /* HotDogMLUITests.swift in Sources */,
				2C0A71A122FFCFE600DA6A76 /* Inceptionv3.mlmodel in Sources */,
			);
			runOnlyForDeploymentPostprocessing = 0;
		};
/* End PBXSourcesBuildPhase section */

/* Begin PBXTargetDependency section */
		2C0A717B22FFBE4800DA6A76 /* PBXTargetDependency */ = {
			isa = PBXTargetDependency;
			target = 2C0A716422FFBE4700DA6A76 /* HotDogML */;
			targetProxy = 2C0A717A22FFBE4800DA6A76 /* PBXContainerItemProxy */;
		};
		2C0A718622FFBE4800DA6A76 /* PBXTargetDependency */ = {
			isa = PBXTargetDependency;
			target = 2C0A716422FFBE4700DA6A76 /* HotDogML */;
			targetProxy = 2C0A718522FFBE4800DA6A76 /* PBXContainerItemProxy */;
		};
/* End PBXTargetDependency section */

/* Begin PBXVariantGroup section */
		2C0A716C22FFBE4700DA6A76 /* Main.storyboard */ = {
			isa = PBXVariantGroup;
			children = (
				2C0A716D22FFBE4700DA6A76 /* Base */,
			);
			name = Main.storyboard;
			sourceTree = "<group>";
		};
		2C0A717122FFBE4800DA6A76 /* LaunchScreen.storyboard */ = {
			isa = PBXVariantGroup;
			children = (
				2C0A717222FFBE4800DA6A76 /* Base */,
			);
			name = LaunchScreen.storyboard;
			sourceTree = "<group>";
		};
/* End PBXVariantGroup section */

/* Begin XCBuildConfiguration section */
		2C0A718B22FFBE4800DA6A76 /* Debug */ = {
			isa = XCBuildConfiguration;
			buildSettings = {
				ALWAYS_SEARCH_USER_PATHS = NO;
				CLANG_ANALYZER_NONNULL = YES;
				CLANG_ANALYZER_NUMBER_OBJECT_CONVERSION = YES_AGGRESSIVE;
				CLANG_CXX_LANGUAGE_STANDARD = "gnu++14";
				CLANG_CXX_LIBRARY = "libc++";
				CLANG_ENABLE_MODULES = YES;
				CLANG_ENABLE_OBJC_ARC = YES;
				CLANG_ENABLE_OBJC_WEAK = YES;
				CLANG_WARN_BLOCK_CAPTURE_AUTORELEASING = YES;
				CLANG_WARN_BOOL_CONVERSION = YES;
				CLANG_WARN_COMMA = YES;
				CLANG_WARN_CONSTANT_CONVERSION = YES;
				CLANG_WARN_DEPRECATED_OBJC_IMPLEMENTATIONS = YES;
				CLANG_WARN_DIRECT_OBJC_ISA_USAGE = YES_ERROR;
				CLANG_WARN_DOCUMENTATION_COMMENTS = YES;
				CLANG_WARN_EMPTY_BODY = YES;
				CLANG_WARN_ENUM_CONVERSION = YES;
				CLANG_WARN_INFINITE_RECURSION = YES;
				CLANG_WARN_INT_CONVERSION = YES;
				CLANG_WARN_NON_LITERAL_NULL_CONVERSION = YES;
				CLANG_WARN_OBJC_IMPLICIT_RETAIN_SELF = YES;
				CLANG_WARN_OBJC_LITERAL_CONVERSION = YES;
				CLANG_WARN_OBJC_ROOT_CLASS = YES_ERROR;
				CLANG_WARN_RANGE_LOOP_ANALYSIS = YES;
				CLANG_WARN_STRICT_PROTOTYPES = YES;
				CLANG_WARN_SUSPICIOUS_MOVE = YES;
				CLANG_WARN_UNGUARDED_AVAILABILITY = YES_AGGRESSIVE;
				CLANG_WARN_UNREACHABLE_CODE = YES;
				CLANG_WARN__DUPLICATE_METHOD_MATCH = YES;
				CODE_SIGN_IDENTITY = "iPhone Developer";
				COPY_PHASE_STRIP = NO;
				DEBUG_INFORMATION_FORMAT = dwarf;
				ENABLE_STRICT_OBJC_MSGSEND = YES;
				ENABLE_TESTABILITY = YES;
				GCC_C_LANGUAGE_STANDARD = gnu11;
				GCC_DYNAMIC_NO_PIC = NO;
				GCC_NO_COMMON_BLOCKS = YES;
				GCC_OPTIMIZATION_LEVEL = 0;
				GCC_PREPROCESSOR_DEFINITIONS = (
					"DEBUG=1",
					"$(inherited)",
				);
				GCC_WARN_64_TO_32_BIT_CONVERSION = YES;
				GCC_WARN_ABOUT_RETURN_TYPE = YES_ERROR;
				GCC_WARN_UNDECLARED_SELECTOR = YES;
				GCC_WARN_UNINITIALIZED_AUTOS = YES_AGGRESSIVE;
				GCC_WARN_UNUSED_FUNCTION = YES;
				GCC_WARN_UNUSED_VARIABLE = YES;
				IPHONEOS_DEPLOYMENT_TARGET = 12.4;
				MTL_ENABLE_DEBUG_INFO = INCLUDE_SOURCE;
				MTL_FAST_MATH = YES;
				ONLY_ACTIVE_ARCH = YES;
				SDKROOT = iphoneos;
				SWIFT_ACTIVE_COMPILATION_CONDITIONS = DEBUG;
				SWIFT_OPTIMIZATION_LEVEL = "-Onone";
			};
			name = Debug;
		};
		2C0A718C22FFBE4800DA6A76 /* Release */ = {
			isa = XCBuildConfiguration;
			buildSettings = {
				ALWAYS_SEARCH_USER_PATHS = NO;
				CLANG_ANALYZER_NONNULL = YES;
				CLANG_ANALYZER_NUMBER_OBJECT_CONVERSION = YES_AGGRESSIVE;
				CLANG_CXX_LANGUAGE_STANDARD = "gnu++14";
				CLANG_CXX_LIBRARY = "libc++";
				CLANG_ENABLE_MODULES = YES;
				CLANG_ENABLE_OBJC_ARC = YES;
				CLANG_ENABLE_OBJC_WEAK = YES;
				CLANG_WARN_BLOCK_CAPTURE_AUTORELEASING = YES;
				CLANG_WARN_BOOL_CONVERSION = YES;
				CLANG_WARN_COMMA = YES;
				CLANG_WARN_CONSTANT_CONVERSION = YES;
				CLANG_WARN_DEPRECATED_OBJC_IMPLEMENTATIONS = YES;
				CLANG_WARN_DIRECT_OBJC_ISA_USAGE = YES_ERROR;
				CLANG_WARN_DOCUMENTATION_COMMENTS = YES;
				CLANG_WARN_EMPTY_BODY = YES;
				CLANG_WARN_ENUM_CONVERSION = YES;
				CLANG_WARN_INFINITE_RECURSION = YES;
				CLANG_WARN_INT_CONVERSION = YES;
				CLANG_WARN_NON_LITERAL_NULL_CONVERSION = YES;
				CLANG_WARN_OBJC_IMPLICIT_RETAIN_SELF = YES;
				CLANG_WARN_OBJC_LITERAL_CONVERSION = YES;
				CLANG_WARN_OBJC_ROOT_CLASS = YES_ERROR;
				CLANG_WARN_RANGE_LOOP_ANALYSIS = YES;
				CLANG_WARN_STRICT_PROTOTYPES = YES;
				CLANG_WARN_SUSPICIOUS_MOVE = YES;
				CLANG_WARN_UNGUARDED_AVAILABILITY = YES_AGGRESSIVE;
				CLANG_WARN_UNREACHABLE_CODE = YES;
				CLANG_WARN__DUPLICATE_METHOD_MATCH = YES;
				CODE_SIGN_IDENTITY = "iPhone Developer";
				COPY_PHASE_STRIP = NO;
				DEBUG_INFORMATION_FORMAT = "dwarf-with-dsym";
				ENABLE_NS_ASSERTIONS = NO;
				ENABLE_STRICT_OBJC_MSGSEND = YES;
				GCC_C_LANGUAGE_STANDARD = gnu11;
				GCC_NO_COMMON_BLOCKS = YES;
				GCC_WARN_64_TO_32_BIT_CONVERSION = YES;
				GCC_WARN_ABOUT_RETURN_TYPE = YES_ERROR;
				GCC_WARN_UNDECLARED_SELECTOR = YES;
				GCC_WARN_UNINITIALIZED_AUTOS = YES_AGGRESSIVE;
				GCC_WARN_UNUSED_FUNCTION = YES;
				GCC_WARN_UNUSED_VARIABLE = YES;
				IPHONEOS_DEPLOYMENT_TARGET = 12.4;
				MTL_ENABLE_DEBUG_INFO = NO;
				MTL_FAST_MATH = YES;
				SDKROOT = iphoneos;
				SWIFT_COMPILATION_MODE = wholemodule;
				SWIFT_OPTIMIZATION_LEVEL = "-O";
				VALIDATE_PRODUCT = YES;
			};
			name = Release;
		};
		2C0A718E22FFBE4800DA6A76 /* Debug */ = {
			isa = XCBuildConfiguration;
			buildSettings = {
				ASSETCATALOG_COMPILER_APPICON_NAME = AppIcon;
				CODE_SIGN_STYLE = Automatic;
				DEVELOPMENT_TEAM = 7CLNW68F7D;
				INFOPLIST_FILE = HotDogML/Info.plist;
				LD_RUNPATH_SEARCH_PATHS = (
					"$(inherited)",
					"@executable_path/Frameworks",
				);
				PRODUCT_BUNDLE_IDENTIFIER = nickdeloglos.HotDogML;
				PRODUCT_NAME = "$(TARGET_NAME)";
				SWIFT_VERSION = 5.0;
				TARGETED_DEVICE_FAMILY = "1,2";
			};
			name = Debug;
		};
		2C0A718F22FFBE4800DA6A76 /* Release */ = {
			isa = XCBuildConfiguration;
			buildSettings = {
				ASSETCATALOG_COMPILER_APPICON_NAME = AppIcon;
				CODE_SIGN_STYLE = Automatic;
				DEVELOPMENT_TEAM = 7CLNW68F7D;
				INFOPLIST_FILE = HotDogML/Info.plist;
				LD_RUNPATH_SEARCH_PATHS = (
					"$(inherited)",
					"@executable_path/Frameworks",
				);
				PRODUCT_BUNDLE_IDENTIFIER = nickdeloglos.HotDogML;
				PRODUCT_NAME = "$(TARGET_NAME)";
				SWIFT_VERSION = 5.0;
				TARGETED_DEVICE_FAMILY = "1,2";
			};
			name = Release;
		};
		2C0A719122FFBE4800DA6A76 /* Debug */ = {
			isa = XCBuildConfiguration;
			buildSettings = {
				ALWAYS_EMBED_SWIFT_STANDARD_LIBRARIES = YES;
				BUNDLE_LOADER = "$(TEST_HOST)";
				CODE_SIGN_STYLE = Automatic;
				INFOPLIST_FILE = HotDogMLTests/Info.plist;
				LD_RUNPATH_SEARCH_PATHS = (
					"$(inherited)",
					"@executable_path/Frameworks",
					"@loader_path/Frameworks",
				);
				PRODUCT_BUNDLE_IDENTIFIER = nickdeloglos.HotDogMLTests;
				PRODUCT_NAME = "$(TARGET_NAME)";
				SWIFT_VERSION = 5.0;
				TARGETED_DEVICE_FAMILY = "1,2";
				TEST_HOST = "$(BUILT_PRODUCTS_DIR)/HotDogML.app/HotDogML";
			};
			name = Debug;
		};
		2C0A719222FFBE4800DA6A76 /* Release */ = {
			isa = XCBuildConfiguration;
			buildSettings = {
				ALWAYS_EMBED_SWIFT_STANDARD_LIBRARIES = YES;
				BUNDLE_LOADER = "$(TEST_HOST)";
				CODE_SIGN_STYLE = Automatic;
				INFOPLIST_FILE = HotDogMLTests/Info.plist;
				LD_RUNPATH_SEARCH_PATHS = (
					"$(inherited)",
					"@executable_path/Frameworks",
					"@loader_path/Frameworks",
				);
				PRODUCT_BUNDLE_IDENTIFIER = nickdeloglos.HotDogMLTests;
				PRODUCT_NAME = "$(TARGET_NAME)";
				SWIFT_VERSION = 5.0;
				TARGETED_DEVICE_FAMILY = "1,2";
				TEST_HOST = "$(BUILT_PRODUCTS_DIR)/HotDogML.app/HotDogML";
			};
			name = Release;
		};
		2C0A719422FFBE4800DA6A76 /* Debug */ = {
			isa = XCBuildConfiguration;
			buildSettings = {
				ALWAYS_EMBED_SWIFT_STANDARD_LIBRARIES = YES;
				CODE_SIGN_STYLE = Automatic;
				INFOPLIST_FILE = HotDogMLUITests/Info.plist;
				LD_RUNPATH_SEARCH_PATHS = (
					"$(inherited)",
					"@executable_path/Frameworks",
					"@loader_path/Frameworks",
				);
				PRODUCT_BUNDLE_IDENTIFIER = nickdeloglos.HotDogMLUITests;
				PRODUCT_NAME = "$(TARGET_NAME)";
				SWIFT_VERSION = 5.0;
				TARGETED_DEVICE_FAMILY = "1,2";
				TEST_TARGET_NAME = HotDogML;
			};
			name = Debug;
		};
		2C0A719522FFBE4800DA6A76 /* Release */ = {
			isa = XCBuildConfiguration;
			buildSettings = {
				ALWAYS_EMBED_SWIFT_STANDARD_LIBRARIES = YES;
				CODE_SIGN_STYLE = Automatic;
				INFOPLIST_FILE = HotDogMLUITests/Info.plist;
				LD_RUNPATH_SEARCH_PATHS = (
					"$(inherited)",
					"@executable_path/Frameworks",
					"@loader_path/Frameworks",
				);
				PRODUCT_BUNDLE_IDENTIFIER = nickdeloglos.HotDogMLUITests;
				PRODUCT_NAME = "$(TARGET_NAME)";
				SWIFT_VERSION = 5.0;
				TARGETED_DEVICE_FAMILY = "1,2";
				TEST_TARGET_NAME = HotDogML;
			};
			name = Release;
		};
/* End XCBuildConfiguration section */

/* Begin XCConfigurationList section */
		2C0A716022FFBE4700DA6A76 /* Build configuration list for PBXProject "HotDogML" */ = {
			isa = XCConfigurationList;
			buildConfigurations = (
				2C0A718B22FFBE4800DA6A76 /* Debug */,
				2C0A718C22FFBE4800DA6A76 /* Release */,
			);
			defaultConfigurationIsVisible = 0;
			defaultConfigurationName = Release;
		};
		2C0A718D22FFBE4800DA6A76 /* Build configuration list for PBXNativeTarget "HotDogML" */ = {
			isa = XCConfigurationList;
			buildConfigurations = (
				2C0A718E22FFBE4800DA6A76 /* Debug */,
				2C0A718F22FFBE4800DA6A76 /* Release */,
			);
			defaultConfigurationIsVisible = 0;
			defaultConfigurationName = Release;
		};
		2C0A719022FFBE4800DA6A76 /* Build configuration list for PBXNativeTarget "HotDogMLTests" */ = {
			isa = XCConfigurationList;
			buildConfigurations = (
				2C0A719122FFBE4800DA6A76 /* Debug */,
				2C0A719222FFBE4800DA6A76 /* Release */,
			);
			defaultConfigurationIsVisible = 0;
			defaultConfigurationName = Release;
		};
		2C0A719322FFBE4800DA6A76 /* Build configuration list for PBXNativeTarget "HotDogMLUITests" */ = {
			isa = XCConfigurationList;
			buildConfigurations = (
				2C0A719422FFBE4800DA6A76 /* Debug */,
				2C0A719522FFBE4800DA6A76 /* Release */,
			);
			defaultConfigurationIsVisible = 0;
			defaultConfigurationName = Release;
		};
/* End XCConfigurationList section */
	};
	rootObject = 2C0A715D22FFBE4700DA6A76 /* Project object */;
}
